
Microsoft Visual Studio Solution File, Format Version 12.00
# Visual Studio Version 17
VisualStudioVersion = 17.5.33530.505
MinimumVisualStudioVersion = 10.0.40219.1
Project("{FAE04EC0-301F-11D3-BF4B-00C04F79EFBC}") = "usuarioVideojuego", "usuarioVideojuego\usuarioVideojuego.csproj", "{6F117E8B-F50B-41A0-9AEA-A83575A5E6A2}"
EndProject
Global
	GlobalSection(SolutionConfigurationPlatforms) = preSolution
		Debug|Any CPU = Debug|Any CPU
		Release|Any CPU = Release|Any CPU
	EndGlobalSection
	GlobalSection(ProjectConfigurationPlatforms) = postSolution
		{6F117E8B-F50B-41A0-9AEA-A83575A5E6A2}.Debug|Any CPU.ActiveCfg = Debug|Any CPU
		{6F117E8B-F50B-41A0-9AEA-A83575A5E6A2}.Debug|Any CPU.Build.0 = Debug|Any CPU
		{6F117E8B-F50B-41A0-9AEA-A83575A5E6A2}.Release|Any CPU.ActiveCfg = Release|Any CPU
		{6F117E8B-F50B-41A0-9AEA-A83575A5E6A2}.Release|Any CPU.Build.0 = Release|Any CPU
	EndGlobalSection
	GlobalSection(SolutionProperties) = preSolution
		HideSolutionNode = FALSE
	EndGlobalSection
	GlobalSection(ExtensibilityGlobals) = postSolution
		SolutionGuid = {1A671FB4-6820-4E56-9FD4-F87AB898E87A}
	EndGlobalSection
EndGlobal
